PODS:
  - AWSCore (2.28.1)
  - SoundWave (0.1.4)

DEPENDENCIES:
  - AWSCore
  - SoundWave

SPEC REPOS:
  trunk:
    - AWSCore
    - SoundWave

SPEC CHECKSUMS:
  AWSCore: e7ef30bd3842a33b51e29d02627b866b607e42e1
  SoundWave: d98ffaa863570b29d991da32a09b7ce1b4aaf2d4

PODFILE CHECKSUM: 9a123e04eefa60690325ce45df19e36e0d6a3e64

COCOAPODS: 1.11.3
