// !$*UTF8*$!
{
	archiveVersion = 1;
	classes = {
	};
	objectVersion = 52;
	objects = {

/* Begin PBXBuildFile section */
		046B8DDC28ED7FF0006F1A71 /* BPViewController.swift in Sources */ = {isa = PBXBuildFile; fileRef = 046B8DDB28ED7FF0006F1A71 /* BPViewController.swift */; };
		04C5AFE02912EBA000343682 /* AWSSigner in Frameworks */ = {isa = PBXBuildFile; productRef = 04C5AFDF2912EBA000343682 /* AWSSigner */; };
		04C5AFE32912EBC100343682 /* Alamofire in Frameworks */ = {isa = PBXBuildFile; productRef = 04C5AFE22912EBC100343682 /* Alamofire */; };
		04F39D3E2A7D0E6F001AB82F /* PatientViewCell.swift in Sources */ = {isa = PBXBuildFile; fileRef = 04F39D3D2A7D0E6F001AB82F /* PatientViewCell.swift */; };
		181705BE26F76F7800791BBE /* filter.swift in Sources */ = {isa = PBXBuildFile; fileRef = 181705BD26F76F7800791BBE /* filter.swift */; };
		182E118026E7AFE900AD0DD6 /* File.swift in Sources */ = {isa = PBXBuildFile; fileRef = 182E117F26E7AFE800AD0DD6 /* File.swift */; };
		183CE4D0263A2F7000B35633 /* loginViewController.swift in Sources */ = {isa = PBXBuildFile; fileRef = 183CE4CF263A2F6F00B35633 /* loginViewController.swift */; };
		183CE4D1263A2F7000B35633 /* loginViewController.swift in Sources */ = {isa = PBXBuildFile; fileRef = 183CE4CF263A2F6F00B35633 /* loginViewController.swift */; };
		183CE4D2263A2F7000B35633 /* loginViewController.swift in Sources */ = {isa = PBXBuildFile; fileRef = 183CE4CF263A2F6F00B35633 /* loginViewController.swift */; };
		18407EEA26C53771009298D5 /* passViewController.swift in Sources */ = {isa = PBXBuildFile; fileRef = 18407EE926C53771009298D5 /* passViewController.swift */; };
		185C6592271AE9550070CEEA /* SoundWave in Resources */ = {isa = PBXBuildFile; fileRef = 185C6591271AE9540070CEEA /* SoundWave */; };
		185F34672630DB59007A8378 /* SecondViewController.swift in Sources */ = {isa = PBXBuildFile; fileRef = 9017B9E32091B3F400BF9A96 /* SecondViewController.swift */; };
		185F34682630DB59007A8378 /* SecondViewController.swift in Sources */ = {isa = PBXBuildFile; fileRef = 9017B9E32091B3F400BF9A96 /* SecondViewController.swift */; };
		185FD034266FB56300AEFBE9 /* homeViewController.swift in Sources */ = {isa = PBXBuildFile; fileRef = 185FD033266FB56300AEFBE9 /* homeViewController.swift */; };
		185FD035266FB56300AEFBE9 /* homeViewController.swift in Sources */ = {isa = PBXBuildFile; fileRef = 185FD033266FB56300AEFBE9 /* homeViewController.swift */; };
		185FD036266FB56300AEFBE9 /* homeViewController.swift in Sources */ = {isa = PBXBuildFile; fileRef = 185FD033266FB56300AEFBE9 /* homeViewController.swift */; };
		186C99A526AEBAB300AA1028 /* AWS.swift in Sources */ = {isa = PBXBuildFile; fileRef = 186C99A426AEBAB300AA1028 /* AWS.swift */; };
		186C99A826AFEC4A00AA1028 /* RegisterModel.swift in Sources */ = {isa = PBXBuildFile; fileRef = 186C99A726AFEC4A00AA1028 /* RegisterModel.swift */; };
		186C99AA26AFECF400AA1028 /* APIManager.swift in Sources */ = {isa = PBXBuildFile; fileRef = 186C99A926AFECF400AA1028 /* APIManager.swift */; };
		186C99B026AFF0F400AA1028 /* RegisterViewController.swift in Sources */ = {isa = PBXBuildFile; fileRef = 186C99AF26AFF0F400AA1028 /* RegisterViewController.swift */; };
		18768AC3262788BB00F99874 /* LaunchScreen.storyboard in Resources */ = {isa = PBXBuildFile; fileRef = 18768AC2262788BB00F99874 /* LaunchScreen.storyboard */; };
		18768AC4262788BB00F99874 /* LaunchScreen.storyboard in Resources */ = {isa = PBXBuildFile; fileRef = 18768AC2262788BB00F99874 /* LaunchScreen.storyboard */; };
		18768AC5262788BB00F99874 /* LaunchScreen.storyboard in Resources */ = {isa = PBXBuildFile; fileRef = 18768AC2262788BB00F99874 /* LaunchScreen.storyboard */; };
		18768AC7262799A400F99874 /* CardsViewController.swift in Sources */ = {isa = PBXBuildFile; fileRef = 18768AC6262799A400F99874 /* CardsViewController.swift */; };
		187F8C552636D13B000482D5 /* recordViewController.swift in Sources */ = {isa = PBXBuildFile; fileRef = 187F8C542636D13B000482D5 /* recordViewController.swift */; };
		187F8C5726378FC9000482D5 /* PositionViewController.swift in Sources */ = {isa = PBXBuildFile; fileRef = 187F8C5626378FC9000482D5 /* PositionViewController.swift */; };
		187F8C58263792A4000482D5 /* AppDelegate.swift in Sources */ = {isa = PBXBuildFile; fileRef = 90350B4C2091AD6C00555011 /* AppDelegate.swift */; };
		187F8C59263792A5000482D5 /* AppDelegate.swift in Sources */ = {isa = PBXBuildFile; fileRef = 90350B4C2091AD6C00555011 /* AppDelegate.swift */; };
		187F8C5A263792AE000482D5 /* PositionViewController.swift in Sources */ = {isa = PBXBuildFile; fileRef = 187F8C5626378FC9000482D5 /* PositionViewController.swift */; };
		187F8C5B263792AE000482D5 /* PositionViewController.swift in Sources */ = {isa = PBXBuildFile; fileRef = 187F8C5626378FC9000482D5 /* PositionViewController.swift */; };
		187F8C5C263792B4000482D5 /* recordViewController.swift in Sources */ = {isa = PBXBuildFile; fileRef = 187F8C542636D13B000482D5 /* recordViewController.swift */; };
		187F8C5D263792B5000482D5 /* recordViewController.swift in Sources */ = {isa = PBXBuildFile; fileRef = 187F8C542636D13B000482D5 /* recordViewController.swift */; };
		187F8C5F26379ADD000482D5 /* LocationViewController.swift in Sources */ = {isa = PBXBuildFile; fileRef = 187F8C5E26379ADD000482D5 /* LocationViewController.swift */; };
		187F8C632637B229000482D5 /* MicrophoneMonitor.swift in Sources */ = {isa = PBXBuildFile; fileRef = 187F8C622637B229000482D5 /* MicrophoneMonitor.swift */; };
		187F8C6426381B54000482D5 /* core.xcdatamodeld in Sources */ = {isa = PBXBuildFile; fileRef = 90350B532091AD6C00555011 /* core.xcdatamodeld */; };
		187F8C6526381B57000482D5 /* core.xcdatamodeld in Sources */ = {isa = PBXBuildFile; fileRef = 90350B532091AD6C00555011 /* core.xcdatamodeld */; };
		188099EA26F3E41A00D4831C /* libz.tbd in Frameworks */ = {isa = PBXBuildFile; fileRef = 188099E926F3E41900D4831C /* libz.tbd */; };
		188935B9266F4F82005E3866 /* IDFormViewController.swift in Sources */ = {isa = PBXBuildFile; fileRef = 188935B8266F4F82005E3866 /* IDFormViewController.swift */; };
		188935BA266F4F82005E3866 /* IDFormViewController.swift in Sources */ = {isa = PBXBuildFile; fileRef = 188935B8266F4F82005E3866 /* IDFormViewController.swift */; };
		188935BB266F4F82005E3866 /* IDFormViewController.swift in Sources */ = {isa = PBXBuildFile; fileRef = 188935B8266F4F82005E3866 /* IDFormViewController.swift */; };
		189644452756A82700AD4E64 /* HB.swift in Sources */ = {isa = PBXBuildFile; fileRef = 189644442756A82700AD4E64 /* HB.swift */; };
		1897E3E826B1616D0023ABEE /* login.swift in Sources */ = {isa = PBXBuildFile; fileRef = 1897E3E726B1616D0023ABEE /* login.swift */; };
		1897E3EA26B1644B0023ABEE /* LoginViewController.swift in Sources */ = {isa = PBXBuildFile; fileRef = 1897E3E926B1644B0023ABEE /* LoginViewController.swift */; };
		1898314F2777658D008730B0 /* testViewController.swift in Sources */ = {isa = PBXBuildFile; fileRef = 1898314E2777658D008730B0 /* testViewController.swift */; };
		189831502777658D008730B0 /* testViewController.swift in Sources */ = {isa = PBXBuildFile; fileRef = 1898314E2777658D008730B0 /* testViewController.swift */; };
		189831512777658D008730B0 /* testViewController.swift in Sources */ = {isa = PBXBuildFile; fileRef = 1898314E2777658D008730B0 /* testViewController.swift */; };
		189E0B3B2713349B002FEC1F /* Audio.swift in Sources */ = {isa = PBXBuildFile; fileRef = 189E0B3A2713349B002FEC1F /* Audio.swift */; };
		18A4195E274807D700246642 /* ParticlePeripheral.swift in Sources */ = {isa = PBXBuildFile; fileRef = 18A4195D274807D700246642 /* ParticlePeripheral.swift */; };
		18A68FA626753FB700699091 /* diagnosisViewController.swift in Sources */ = {isa = PBXBuildFile; fileRef = 18A68FA526753FB700699091 /* diagnosisViewController.swift */; };
		18A68FA726753FB700699091 /* diagnosisViewController.swift in Sources */ = {isa = PBXBuildFile; fileRef = 18A68FA526753FB700699091 /* diagnosisViewController.swift */; };
		18A68FA826753FB700699091 /* diagnosisViewController.swift in Sources */ = {isa = PBXBuildFile; fileRef = 18A68FA526753FB700699091 /* diagnosisViewController.swift */; };
		18A7535F26E7F834008C300A /* UIExtrension.swift in Sources */ = {isa = PBXBuildFile; fileRef = 18A7535E26E7F834008C300A /* UIExtrension.swift */; };
		18A7536126E8B590008C300A /* SecuredViewController.swift in Sources */ = {isa = PBXBuildFile; fileRef = 18A7536026E8B590008C300A /* SecuredViewController.swift */; };
		18A7536526E8C10C008C300A /* AWSecure.swift in Sources */ = {isa = PBXBuildFile; fileRef = 18A7536426E8C10C008C300A /* AWSecure.swift */; };
		18AB761726A0CD4600A014A6 /* LungsViewController.swift in Sources */ = {isa = PBXBuildFile; fileRef = 18AB761626A0CD4600A014A6 /* LungsViewController.swift */; };
		18CC5A19271AC42A0039E318 /* Pods in Frameworks */ = {isa = PBXBuildFile; fileRef = 18CC5A16271AC42A0039E318 /* Pods */; };
		18CF5C50271AF07C0026A7B6 /* Example in Resources */ = {isa = PBXBuildFile; fileRef = 18CF5C4F271AF07C0026A7B6 /* Example */; };
		18CF5C51271AF1C20026A7B6 /* Example in Resources */ = {isa = PBXBuildFile; fileRef = 18CF5C4F271AF07C0026A7B6 /* Example */; };
		18CF5C53271AF6680026A7B6 /* viewController.swift in Sources */ = {isa = PBXBuildFile; fileRef = 18CF5C52271AF6680026A7B6 /* viewController.swift */; };
		18CF5C54271AF6680026A7B6 /* viewController.swift in Sources */ = {isa = PBXBuildFile; fileRef = 18CF5C52271AF6680026A7B6 /* viewController.swift */; };
		18CF5C55271AF6680026A7B6 /* viewController.swift in Sources */ = {isa = PBXBuildFile; fileRef = 18CF5C52271AF6680026A7B6 /* viewController.swift */; };
		18CF5C57271AF6D10026A7B6 /* SoundWave+Helpers.swift in Sources */ = {isa = PBXBuildFile; fileRef = 18CF5C56271AF6D00026A7B6 /* SoundWave+Helpers.swift */; };
		18CF5C58271AF6D10026A7B6 /* SoundWave+Helpers.swift in Sources */ = {isa = PBXBuildFile; fileRef = 18CF5C56271AF6D00026A7B6 /* SoundWave+Helpers.swift */; };
		18CF5C59271AF6D10026A7B6 /* SoundWave+Helpers.swift in Sources */ = {isa = PBXBuildFile; fileRef = 18CF5C56271AF6D00026A7B6 /* SoundWave+Helpers.swift */; };
		18CF5C5B271AF6D80026A7B6 /* ViewModel.swift in Sources */ = {isa = PBXBuildFile; fileRef = 18CF5C5A271AF6D80026A7B6 /* ViewModel.swift */; };
		18CF5C5C271AF6D80026A7B6 /* ViewModel.swift in Sources */ = {isa = PBXBuildFile; fileRef = 18CF5C5A271AF6D80026A7B6 /* ViewModel.swift */; };
		18CF5C5D271AF6D80026A7B6 /* ViewModel.swift in Sources */ = {isa = PBXBuildFile; fileRef = 18CF5C5A271AF6D80026A7B6 /* ViewModel.swift */; };
		18CF5C5F271AF6FC0026A7B6 /* AudioErrorType.swift in Sources */ = {isa = PBXBuildFile; fileRef = 18CF5C5E271AF6FB0026A7B6 /* AudioErrorType.swift */; };
		18CF5C60271AF6FC0026A7B6 /* AudioErrorType.swift in Sources */ = {isa = PBXBuildFile; fileRef = 18CF5C5E271AF6FB0026A7B6 /* AudioErrorType.swift */; };
		18CF5C61271AF6FC0026A7B6 /* AudioErrorType.swift in Sources */ = {isa = PBXBuildFile; fileRef = 18CF5C5E271AF6FB0026A7B6 /* AudioErrorType.swift */; };
		18CF5C63271AF7030026A7B6 /* AudioPlayerManager.swift in Sources */ = {isa = PBXBuildFile; fileRef = 18CF5C62271AF7030026A7B6 /* AudioPlayerManager.swift */; };
		18CF5C64271AF7030026A7B6 /* AudioPlayerManager.swift in Sources */ = {isa = PBXBuildFile; fileRef = 18CF5C62271AF7030026A7B6 /* AudioPlayerManager.swift */; };
		18CF5C65271AF7030026A7B6 /* AudioPlayerManager.swift in Sources */ = {isa = PBXBuildFile; fileRef = 18CF5C62271AF7030026A7B6 /* AudioPlayerManager.swift */; };
		18CF5C67271AF70A0026A7B6 /* AudioRecorderManager.swift in Sources */ = {isa = PBXBuildFile; fileRef = 18CF5C66271AF70A0026A7B6 /* AudioRecorderManager.swift */; };
		18CF5C68271AF70A0026A7B6 /* AudioRecorderManager.swift in Sources */ = {isa = PBXBuildFile; fileRef = 18CF5C66271AF70A0026A7B6 /* AudioRecorderManager.swift */; };
		18CF5C69271AF70A0026A7B6 /* AudioRecorderManager.swift in Sources */ = {isa = PBXBuildFile; fileRef = 18CF5C66271AF70A0026A7B6 /* AudioRecorderManager.swift */; };
		18F17F1626CBF218006EE360 /* gif.swift in Sources */ = {isa = PBXBuildFile; fileRef = 18F17F1526CBF218006EE360 /* gif.swift */; };
		18F17F2026CC02A4006EE360 /* waveViewController.swift in Sources */ = {isa = PBXBuildFile; fileRef = 18F17F1F26CC02A4006EE360 /* waveViewController.swift */; };
		18FA24042767C14900D297E1 /* AudioToolbox.framework in Frameworks */ = {isa = PBXBuildFile; fileRef = 18F17F2626CC0DD5006EE360 /* AudioToolbox.framework */; };
		18FA24072767C14C00D297E1 /* AWSiOSSDKv2.framework in Frameworks */ = {isa = PBXBuildFile; fileRef = 188099E526F3E38500D4831C /* AWSiOSSDKv2.framework */; };
		18FA24092767C14F00D297E1 /* CoreData.framework in Frameworks */ = {isa = PBXBuildFile; fileRef = 90350B842091B0B300555011 /* CoreData.framework */; };
		3BF875EBF44562FE04EF5567 /* Pods_core_coreUITests.framework in Frameworks */ = {isa = PBXBuildFile; fileRef = 71E6972345AF52B61771767B /* Pods_core_coreUITests.framework */; };
		9017B9E42091B3F400BF9A96 /* SecondViewController.swift in Sources */ = {isa = PBXBuildFile; fileRef = 9017B9E32091B3F400BF9A96 /* SecondViewController.swift */; };
		90350B4D2091AD6C00555011 /* AppDelegate.swift in Sources */ = {isa = PBXBuildFile; fileRef = 90350B4C2091AD6C00555011 /* AppDelegate.swift */; };
		90350B4F2091AD6C00555011 /* ViewController.swift in Sources */ = {isa = PBXBuildFile; fileRef = 90350B4E2091AD6C00555011 /* ViewController.swift */; };
		90350B522091AD6C00555011 /* Main.storyboard in Resources */ = {isa = PBXBuildFile; fileRef = 90350B502091AD6C00555011 /* Main.storyboard */; };
		90350B552091AD6C00555011 /* core.xcdatamodeld in Sources */ = {isa = PBXBuildFile; fileRef = 90350B532091AD6C00555011 /* core.xcdatamodeld */; };
		90350B572091AD6C00555011 /* Assets.xcassets in Resources */ = {isa = PBXBuildFile; fileRef = 90350B562091AD6C00555011 /* Assets.xcassets */; };
		90350B652091AD6C00555011 /* coreTests.swift in Sources */ = {isa = PBXBuildFile; fileRef = 90350B642091AD6C00555011 /* coreTests.swift */; };
		90350B702091AD6C00555011 /* coreUITests.swift in Sources */ = {isa = PBXBuildFile; fileRef = 90350B6F2091AD6C00555011 /* coreUITests.swift */; };
		90350B7F2091AE0A00555011 /* Student+CoreDataClass.swift in Sources */ = {isa = PBXBuildFile; fileRef = 90350B7D2091AE0A00555011 /* Student+CoreDataClass.swift */; };
		90350B802091AE0A00555011 /* Student+CoreDataProperties.swift in Sources */ = {isa = PBXBuildFile; fileRef = 90350B7E2091AE0A00555011 /* Student+CoreDataProperties.swift */; };
		90350B822091AE1B00555011 /* DatabaseHelper.swift in Sources */ = {isa = PBXBuildFile; fileRef = 90350B812091AE1B00555011 /* DatabaseHelper.swift */; };
		DBFEB22E94683A8DA0505A11 /* Pods_core.framework in Frameworks */ = {isa = PBXBuildFile; fileRef = 55AFCD3D0D90516417BCD2B9 /* Pods_core.framework */; };
		FCBA0845D73632446D12FF05 /* Pods_coreTests.framework in Frameworks */ = {isa = PBXBuildFile; fileRef = 3B8E23054DAAC94F8B3801C9 /* Pods_coreTests.framework */; };
/* End PBXBuildFile section */

/* Begin PBXContainerItemProxy section */
		90350B612091AD6C00555011 /* PBXContainerItemProxy */ = {
			isa = PBXContainerItemProxy;
			containerPortal = 90350B412091AD6C00555011 /* Project object */;
			proxyType = 1;
			remoteGlobalIDString = 90350B482091AD6C00555011;
			remoteInfo = core;
		};
		90350B6C2091AD6C00555011 /* PBXContainerItemProxy */ = {
			isa = PBXContainerItemProxy;
			containerPortal = 90350B412091AD6C00555011 /* Project object */;
			proxyType = 1;
			remoteGlobalIDString = 90350B482091AD6C00555011;
			remoteInfo = core;
		};
/* End PBXContainerItemProxy section */

/* Begin PBXFileReference section */
		046B8DDB28ED7FF0006F1A71 /* BPViewController.swift */ = {isa = PBXFileReference; lastKnownFileType = sourcecode.swift; path = BPViewController.swift; sourceTree = "<group>"; };
		04F39D3D2A7D0E6F001AB82F /* PatientViewCell.swift */ = {isa = PBXFileReference; lastKnownFileType = sourcecode.swift; path = PatientViewCell.swift; sourceTree = "<group>"; };
		0F050243ACCFE3114F82F710 /* Pods-core.release.xcconfig */ = {isa = PBXFileReference; includeInIndex = 1; lastKnownFileType = text.xcconfig; name = "Pods-core.release.xcconfig"; path = "Target Support Files/Pods-core/Pods-core.release.xcconfig"; sourceTree = "<group>"; };
		181705BD26F76F7800791BBE /* filter.swift */ = {isa = PBXFileReference; lastKnownFileType = sourcecode.swift; path = filter.swift; sourceTree = "<group>"; };
		182E117F26E7AFE800AD0DD6 /* File.swift */ = {isa = PBXFileReference; lastKnownFileType = sourcecode.swift; path = File.swift; sourceTree = "<group>"; };
		183CE4CF263A2F6F00B35633 /* loginViewController.swift */ = {isa = PBXFileReference; lastKnownFileType = sourcecode.swift; path = loginViewController.swift; sourceTree = "<group>"; };
		183E0BE126F0906D002869AC /* aws-mobile-appsync-events-starter-ios-main */ = {isa = PBXFileReference; lastKnownFileType = folder; name = "aws-mobile-appsync-events-starter-ios-main"; path = "../../../../Users/apple/Downloads/aws-mobile-appsync-events-starter-ios-main"; sourceTree = "<group>"; };
		183E0BE326F0907D002869AC /* awsconfiguration.json */ = {isa = PBXFileReference; fileEncoding = 4; lastKnownFileType = text.json; name = awsconfiguration.json; path = "../../../../../Users/apple/Downloads/aws-mobile-appsync-events-starter-ios-main/awsconfiguration.json"; sourceTree = "<group>"; };
		18407EE926C53771009298D5 /* passViewController.swift */ = {isa = PBXFileReference; lastKnownFileType = sourcecode.swift; path = passViewController.swift; sourceTree = "<group>"; };
		18565BCD26D419DD00B907AB /* UstethDebug.entitlements */ = {isa = PBXFileReference; lastKnownFileType = text.plist.entitlements; path = UstethDebug.entitlements; sourceTree = "<group>"; };
		185C6591271AE9540070CEEA /* SoundWave */ = {isa = PBXFileReference; lastKnownFileType = folder; path = SoundWave; sourceTree = SOURCE_ROOT; };
		185FD033266FB56300AEFBE9 /* homeViewController.swift */ = {isa = PBXFileReference; lastKnownFileType = sourcecode.swift; path = homeViewController.swift; sourceTree = "<group>"; };
		186C99A426AEBAB300AA1028 /* AWS.swift */ = {isa = PBXFileReference; lastKnownFileType = sourcecode.swift; path = AWS.swift; sourceTree = "<group>"; };
		186C99A726AFEC4A00AA1028 /* RegisterModel.swift */ = {isa = PBXFileReference; lastKnownFileType = sourcecode.swift; path = RegisterModel.swift; sourceTree = "<group>"; };
		186C99A926AFECF400AA1028 /* APIManager.swift */ = {isa = PBXFileReference; lastKnownFileType = sourcecode.swift; path = APIManager.swift; sourceTree = "<group>"; };
		186C99AF26AFF0F400AA1028 /* RegisterViewController.swift */ = {isa = PBXFileReference; lastKnownFileType = sourcecode.swift; path = RegisterViewController.swift; sourceTree = "<group>"; };
		18768AC2262788BB00F99874 /* LaunchScreen.storyboard */ = {isa = PBXFileReference; fileEncoding = 4; lastKnownFileType = file.storyboard; path = LaunchScreen.storyboard; sourceTree = "<group>"; };
		18768AC6262799A400F99874 /* CardsViewController.swift */ = {isa = PBXFileReference; lastKnownFileType = sourcecode.swift; path = CardsViewController.swift; sourceTree = "<group>"; };
		187DCCE426EB5B2800685A60 /* CryptoTokenKit.framework */ = {isa = PBXFileReference; lastKnownFileType = wrapper.framework; name = CryptoTokenKit.framework; path = System/Library/Frameworks/CryptoTokenKit.framework; sourceTree = SDKROOT; };
		187DCCE526EB5B2800685A60 /* CryptoKit.framework */ = {isa = PBXFileReference; lastKnownFileType = wrapper.framework; name = CryptoKit.framework; path = System/Library/Frameworks/CryptoKit.framework; sourceTree = SDKROOT; };
		187DCCE826EB5CA700685A60 /* CryptoSwift-master */ = {isa = PBXFileReference; lastKnownFileType = folder; name = "CryptoSwift-master"; path = "../../../../../Users/apple/Downloads/CryptoSwift-master"; sourceTree = "<group>"; };
		187F8C542636D13B000482D5 /* recordViewController.swift */ = {isa = PBXFileReference; lastKnownFileType = sourcecode.swift; path = recordViewController.swift; sourceTree = "<group>"; };
		187F8C5626378FC9000482D5 /* PositionViewController.swift */ = {isa = PBXFileReference; lastKnownFileType = sourcecode.swift; path = PositionViewController.swift; sourceTree = "<group>"; };
		187F8C5E26379ADD000482D5 /* LocationViewController.swift */ = {isa = PBXFileReference; lastKnownFileType = sourcecode.swift; path = LocationViewController.swift; sourceTree = "<group>"; };
		187F8C622637B229000482D5 /* MicrophoneMonitor.swift */ = {isa = PBXFileReference; lastKnownFileType = sourcecode.swift; path = MicrophoneMonitor.swift; sourceTree = "<group>"; };
		188099E526F3E38500D4831C /* AWSiOSSDKv2.framework */ = {isa = PBXFileReference; lastKnownFileType = wrapper.framework; path = AWSiOSSDKv2.framework; sourceTree = "<group>"; };
		188099E726F3E3D600D4831C /* Foundation.framework */ = {isa = PBXFileReference; lastKnownFileType = wrapper.framework; name = Foundation.framework; path = System/Library/Frameworks/Foundation.framework; sourceTree = SDKROOT; };
		188099E926F3E41900D4831C /* libz.tbd */ = {isa = PBXFileReference; lastKnownFileType = "sourcecode.text-based-dylib-definition"; name = libz.tbd; path = usr/lib/libz.tbd; sourceTree = SDKROOT; };
		188935B8266F4F82005E3866 /* IDFormViewController.swift */ = {isa = PBXFileReference; lastKnownFileType = sourcecode.swift; path = IDFormViewController.swift; sourceTree = "<group>"; };
		189644442756A82700AD4E64 /* HB.swift */ = {isa = PBXFileReference; fileEncoding = 4; lastKnownFileType = sourcecode.swift; path = HB.swift; sourceTree = "<group>"; };
		1897E3E726B1616D0023ABEE /* login.swift */ = {isa = PBXFileReference; lastKnownFileType = sourcecode.swift; path = login.swift; sourceTree = "<group>"; };
		1897E3E926B1644B0023ABEE /* LoginViewController.swift */ = {isa = PBXFileReference; lastKnownFileType = sourcecode.swift; path = LoginViewController.swift; sourceTree = "<group>"; };
		1898314E2777658D008730B0 /* testViewController.swift */ = {isa = PBXFileReference; fileEncoding = 4; lastKnownFileType = sourcecode.swift; path = testViewController.swift; sourceTree = "<group>"; };
		189E0B3A2713349B002FEC1F /* Audio.swift */ = {isa = PBXFileReference; lastKnownFileType = sourcecode.swift; path = Audio.swift; sourceTree = "<group>"; };
		18A4195D274807D700246642 /* ParticlePeripheral.swift */ = {isa = PBXFileReference; lastKnownFileType = sourcecode.swift; path = ParticlePeripheral.swift; sourceTree = "<group>"; };
		18A68FA526753FB700699091 /* diagnosisViewController.swift */ = {isa = PBXFileReference; lastKnownFileType = sourcecode.swift; path = diagnosisViewController.swift; sourceTree = "<group>"; };
		18A7535E26E7F834008C300A /* UIExtrension.swift */ = {isa = PBXFileReference; lastKnownFileType = sourcecode.swift; path = UIExtrension.swift; sourceTree = "<group>"; };
		18A7536026E8B590008C300A /* SecuredViewController.swift */ = {isa = PBXFileReference; lastKnownFileType = sourcecode.swift; path = SecuredViewController.swift; sourceTree = "<group>"; };
		18A7536426E8C10C008C300A /* AWSecure.swift */ = {isa = PBXFileReference; lastKnownFileType = sourcecode.swift; name = AWSecure.swift; path = ../../AWSecure.swift; sourceTree = "<group>"; };
		18AB761626A0CD4600A014A6 /* LungsViewController.swift */ = {isa = PBXFileReference; fileEncoding = 4; lastKnownFileType = sourcecode.swift; path = LungsViewController.swift; sourceTree = "<group>"; };
		18CBDD0F2756310B006D6A96 /* EZAudio-Swift-Bridging-Header.h */ = {isa = PBXFileReference; fileEncoding = 4; lastKnownFileType = sourcecode.c.h; name = "EZAudio-Swift-Bridging-Header.h"; path = "../../../../../Users/apple/Downloads/EZAudio-Swift-master 3/EZAudio-Swift-Bridging-Header.h"; sourceTree = "<group>"; };
		18CC5A16271AC42A0039E318 /* Pods */ = {isa = PBXFileReference; lastKnownFileType = folder; name = Pods; path = "../../../../Users/apple/Downloads/SoundWave-master/Example/Pods"; sourceTree = "<group>"; };
		18CF5C4F271AF07C0026A7B6 /* Example */ = {isa = PBXFileReference; fileEncoding = 4; lastKnownFileType = folder; name = Example; path = coreUITests/Example; sourceTree = SOURCE_ROOT; };
		18CF5C52271AF6680026A7B6 /* viewController.swift */ = {isa = PBXFileReference; fileEncoding = 4; lastKnownFileType = sourcecode.swift; name = viewController.swift; path = SoundWave/viewController.swift; sourceTree = SOURCE_ROOT; };
		18CF5C56271AF6D00026A7B6 /* SoundWave+Helpers.swift */ = {isa = PBXFileReference; fileEncoding = 4; lastKnownFileType = sourcecode.swift; name = "SoundWave+Helpers.swift"; path = "SoundWave/SoundWave+Helpers.swift"; sourceTree = SOURCE_ROOT; };
		18CF5C5A271AF6D80026A7B6 /* ViewModel.swift */ = {isa = PBXFileReference; fileEncoding = 4; lastKnownFileType = sourcecode.swift; name = ViewModel.swift; path = SoundWave/ViewModel.swift; sourceTree = SOURCE_ROOT; };
		18CF5C5E271AF6FB0026A7B6 /* AudioErrorType.swift */ = {isa = PBXFileReference; fileEncoding = 4; lastKnownFileType = sourcecode.swift; name = AudioErrorType.swift; path = SoundWave/AudioErrorType.swift; sourceTree = SOURCE_ROOT; };
		18CF5C62271AF7030026A7B6 /* AudioPlayerManager.swift */ = {isa = PBXFileReference; fileEncoding = 4; lastKnownFileType = sourcecode.swift; name = AudioPlayerManager.swift; path = SoundWave/AudioPlayerManager.swift; sourceTree = SOURCE_ROOT; };
		18CF5C66271AF70A0026A7B6 /* AudioRecorderManager.swift */ = {isa = PBXFileReference; fileEncoding = 4; lastKnownFileType = sourcecode.swift; name = AudioRecorderManager.swift; path = SoundWave/AudioRecorderManager.swift; sourceTree = SOURCE_ROOT; };
		18F17F1526CBF218006EE360 /* gif.swift */ = {isa = PBXFileReference; lastKnownFileType = sourcecode.swift; path = gif.swift; sourceTree = "<group>"; };
		18F17F1F26CC02A4006EE360 /* waveViewController.swift */ = {isa = PBXFileReference; lastKnownFileType = sourcecode.swift; path = waveViewController.swift; sourceTree = "<group>"; };
		18F17F2526CC0DD4006EE360 /* Usteth.entitlements */ = {isa = PBXFileReference; lastKnownFileType = text.plist.entitlements; path = Usteth.entitlements; sourceTree = "<group>"; };
		18F17F2626CC0DD5006EE360 /* AudioToolbox.framework */ = {isa = PBXFileReference; lastKnownFileType = wrapper.framework; name = AudioToolbox.framework; path = System/Library/Frameworks/AudioToolbox.framework; sourceTree = SDKROOT; };
		3B8E23054DAAC94F8B3801C9 /* Pods_coreTests.framework */ = {isa = PBXFileReference; explicitFileType = wrapper.framework; includeInIndex = 0; path = Pods_coreTests.framework; sourceTree = BUILT_PRODUCTS_DIR; };
		55AFCD3D0D90516417BCD2B9 /* Pods_core.framework */ = {isa = PBXFileReference; explicitFileType = wrapper.framework; includeInIndex = 0; path = Pods_core.framework; sourceTree = BUILT_PRODUCTS_DIR; };
		693A9ABAD350E99C82B24FD0 /* Pods-coreTests.release.xcconfig */ = {isa = PBXFileReference; includeInIndex = 1; lastKnownFileType = text.xcconfig; name = "Pods-coreTests.release.xcconfig"; path = "Target Support Files/Pods-coreTests/Pods-coreTests.release.xcconfig"; sourceTree = "<group>"; };
		71E6972345AF52B61771767B /* Pods_core_coreUITests.framework */ = {isa = PBXFileReference; explicitFileType = wrapper.framework; includeInIndex = 0; path = Pods_core_coreUITests.framework; sourceTree = BUILT_PRODUCTS_DIR; };
		9017B9E32091B3F400BF9A96 /* SecondViewController.swift */ = {isa = PBXFileReference; lastKnownFileType = sourcecode.swift; path = SecondViewController.swift; sourceTree = "<group>"; };
		90350B492091AD6C00555011 /* Usteth.app */ = {isa = PBXFileReference; explicitFileType = wrapper.application; includeInIndex = 0; path = Usteth.app; sourceTree = BUILT_PRODUCTS_DIR; };
		90350B4C2091AD6C00555011 /* AppDelegate.swift */ = {isa = PBXFileReference; lastKnownFileType = sourcecode.swift; path = AppDelegate.swift; sourceTree = "<group>"; };
		90350B4E2091AD6C00555011 /* ViewController.swift */ = {isa = PBXFileReference; lastKnownFileType = sourcecode.swift; path = ViewController.swift; sourceTree = "<group>"; };
		90350B512091AD6C00555011 /* Base */ = {isa = PBXFileReference; lastKnownFileType = file.storyboard; name = Base; path = Base.lproj/Main.storyboard; sourceTree = "<group>"; };
		90350B542091AD6C00555011 /* core.xcdatamodel */ = {isa = PBXFileReference; lastKnownFileType = wrapper.xcdatamodel; path = core.xcdatamodel; sourceTree = "<group>"; };
		90350B562091AD6C00555011 /* Assets.xcassets */ = {isa = PBXFileReference; lastKnownFileType = folder.assetcatalog; path = Assets.xcassets; sourceTree = "<group>"; };
		90350B5B2091AD6C00555011 /* Info.plist */ = {isa = PBXFileReference; lastKnownFileType = text.plist.xml; path = Info.plist; sourceTree = "<group>"; };
		90350B602091AD6C00555011 /* coreTests.xctest */ = {isa = PBXFileReference; explicitFileType = wrapper.cfbundle; includeInIndex = 0; path = coreTests.xctest; sourceTree = BUILT_PRODUCTS_DIR; };
		90350B642091AD6C00555011 /* coreTests.swift */ = {isa = PBXFileReference; lastKnownFileType = sourcecode.swift; path = coreTests.swift; sourceTree = "<group>"; };
		90350B662091AD6C00555011 /* Info.plist */ = {isa = PBXFileReference; lastKnownFileType = text.plist.xml; path = Info.plist; sourceTree = "<group>"; };
		90350B6B2091AD6C00555011 /* coreUITests.xctest */ = {isa = PBXFileReference; explicitFileType = wrapper.cfbundle; includeInIndex = 0; path = coreUITests.xctest; sourceTree = BUILT_PRODUCTS_DIR; };
		90350B6F2091AD6C00555011 /* coreUITests.swift */ = {isa = PBXFileReference; lastKnownFileType = sourcecode.swift; path = coreUITests.swift; sourceTree = "<group>"; };
		90350B712091AD6C00555011 /* Info.plist */ = {isa = PBXFileReference; lastKnownFileType = text.plist.xml; path = Info.plist; sourceTree = "<group>"; };
		90350B7D2091AE0A00555011 /* Student+CoreDataClass.swift */ = {isa = PBXFileReference; lastKnownFileType = sourcecode.swift; path = "Student+CoreDataClass.swift"; sourceTree = "<group>"; };
		90350B7E2091AE0A00555011 /* Student+CoreDataProperties.swift */ = {isa = PBXFileReference; lastKnownFileType = sourcecode.swift; path = "Student+CoreDataProperties.swift"; sourceTree = "<group>"; };
		90350B812091AE1B00555011 /* DatabaseHelper.swift */ = {isa = PBXFileReference; lastKnownFileType = sourcecode.swift; path = DatabaseHelper.swift; sourceTree = "<group>"; };
		90350B842091B0B300555011 /* CoreData.framework */ = {isa = PBXFileReference; lastKnownFileType = wrapper.framework; name = CoreData.framework; path = System/Library/Frameworks/CoreData.framework; sourceTree = SDKROOT; };
		9D3C3C5778D8FFECDA39CC8E /* Pods-core.debug.xcconfig */ = {isa = PBXFileReference; includeInIndex = 1; lastKnownFileType = text.xcconfig; name = "Pods-core.debug.xcconfig"; path = "Target Support Files/Pods-core/Pods-core.debug.xcconfig"; sourceTree = "<group>"; };
		AE02905E0D13562EA2431A35 /* Pods-core-coreUITests.release.xcconfig */ = {isa = PBXFileReference; includeInIndex = 1; lastKnownFileType = text.xcconfig; name = "Pods-core-coreUITests.release.xcconfig"; path = "Target Support Files/Pods-core-coreUITests/Pods-core-coreUITests.release.xcconfig"; sourceTree = "<group>"; };
		B1C4848F91F5228442F0213A /* Pods-coreTests.debug.xcconfig */ = {isa = PBXFileReference; includeInIndex = 1; lastKnownFileType = text.xcconfig; name = "Pods-coreTests.debug.xcconfig"; path = "Target Support Files/Pods-coreTests/Pods-coreTests.debug.xcconfig"; sourceTree = "<group>"; };
		C247CA27135D3D1C6EC3DE03 /* Pods-core-coreUITests.debug.xcconfig */ = {isa = PBXFileReference; includeInIndex = 1; lastKnownFileType = text.xcconfig; name = "Pods-core-coreUITests.debug.xcconfig"; path = "Target Support Files/Pods-core-coreUITests/Pods-core-coreUITests.debug.xcconfig"; sourceTree = "<group>"; };
/* End PBXFileReference section */

/* Begin PBXFrameworksBuildPhase section */
		90350B462091AD6C00555011 /* Frameworks */ = {
			isa = PBXFrameworksBuildPhase;
			buildActionMask = 2147483647;
			files = (
				04C5AFE32912EBC100343682 /* Alamofire in Frameworks */,
				18CC5A19271AC42A0039E318 /* Pods in Frameworks */,
				188099EA26F3E41A00D4831C /* libz.tbd in Frameworks */,
				18FA24042767C14900D297E1 /* AudioToolbox.framework in Frameworks */,
				18FA24092767C14F00D297E1 /* CoreData.framework in Frameworks */,
				04C5AFE02912EBA000343682 /* AWSSigner in Frameworks */,
				18FA24072767C14C00D297E1 /* AWSiOSSDKv2.framework in Frameworks */,
				DBFEB22E94683A8DA0505A11 /* Pods_core.framework in Frameworks */,
			);
			runOnlyForDeploymentPostprocessing = 0;
		};
		90350B5D2091AD6C00555011 /* Frameworks */ = {
			isa = PBXFrameworksBuildPhase;
			buildActionMask = 2147483647;
			files = (
				FCBA0845D73632446D12FF05 /* Pods_coreTests.framework in Frameworks */,
			);
			runOnlyForDeploymentPostprocessing = 0;
		};
		90350B682091AD6C00555011 /* Frameworks */ = {
			isa = PBXFrameworksBuildPhase;
			buildActionMask = 2147483647;
			files = (
				3BF875EBF44562FE04EF5567 /* Pods_core_coreUITests.framework in Frameworks */,
			);
			runOnlyForDeploymentPostprocessing = 0;
		};
/* End PBXFrameworksBuildPhase section */

/* Begin PBXGroup section */
		043004CF290FEE2D00E4FBE0 /* Packages */ = {
			isa = PBXGroup;
			children = (
			);
			name = Packages;
			sourceTree = "<group>";
		};
		186C99A626AFEC3000AA1028 /* AWS */ = {
			isa = PBXGroup;
			children = (
				186C99A426AEBAB300AA1028 /* AWS.swift */,
				182E117F26E7AFE800AD0DD6 /* File.swift */,
				18A7536426E8C10C008C300A /* AWSecure.swift */,
				186C99A726AFEC4A00AA1028 /* RegisterModel.swift */,
				186C99A926AFECF400AA1028 /* APIManager.swift */,
				1897E3E726B1616D0023ABEE /* login.swift */,
			);
			path = AWS;
			sourceTree = "<group>";
		};
		186C99AE26AFF0AE00AA1028 /* DoctorRegister */ = {
			isa = PBXGroup;
			children = (
				189648302756AC5200AD4E64 /* Database */,
				186C99AF26AFF0F400AA1028 /* RegisterViewController.swift */,
				1897E3E926B1644B0023ABEE /* LoginViewController.swift */,
				18407EE926C53771009298D5 /* passViewController.swift */,
				90350B4E2091AD6C00555011 /* ViewController.swift */,
			);
			path = DoctorRegister;
			sourceTree = "<group>";
		};
		189648302756AC5200AD4E64 /* Database */ = {
			isa = PBXGroup;
			children = (
			);
			name = Database;
			path = ../..;
			sourceTree = "<group>";
		};
		1EF1AA66EF921E3AD881BEDA /* Pods */ = {
			isa = PBXGroup;
			children = (
				9D3C3C5778D8FFECDA39CC8E /* Pods-core.debug.xcconfig */,
				0F050243ACCFE3114F82F710 /* Pods-core.release.xcconfig */,
				C247CA27135D3D1C6EC3DE03 /* Pods-core-coreUITests.debug.xcconfig */,
				AE02905E0D13562EA2431A35 /* Pods-core-coreUITests.release.xcconfig */,
				B1C4848F91F5228442F0213A /* Pods-coreTests.debug.xcconfig */,
				693A9ABAD350E99C82B24FD0 /* Pods-coreTests.release.xcconfig */,
			);
			path = Pods;
			sourceTree = "<group>";
		};
		90350B402091AD6C00555011 = {
			isa = PBXGroup;
			children = (
				043004CF290FEE2D00E4FBE0 /* Packages */,
				90350B4B2091AD6C00555011 /* core */,
				90350B632091AD6C00555011 /* coreTests */,
				90350B6E2091AD6C00555011 /* coreUITests */,
				185C6591271AE9540070CEEA /* SoundWave */,
				90350B4A2091AD6C00555011 /* Products */,
				90350B832091B0B200555011 /* Frameworks */,
				1EF1AA66EF921E3AD881BEDA /* Pods */,
			);
			sourceTree = "<group>";
		};
		90350B4A2091AD6C00555011 /* Products */ = {
			isa = PBXGroup;
			children = (
				90350B492091AD6C00555011 /* Usteth.app */,
				90350B602091AD6C00555011 /* coreTests.xctest */,
				90350B6B2091AD6C00555011 /* coreUITests.xctest */,
			);
			name = Products;
			sourceTree = "<group>";
		};
		90350B4B2091AD6C00555011 /* core */ = {
			isa = PBXGroup;
			children = (
				18565BCD26D419DD00B907AB /* UstethDebug.entitlements */,
				18F17F2526CC0DD4006EE360 /* Usteth.entitlements */,
				18AB761626A0CD4600A014A6 /* LungsViewController.swift */,
				046B8DDB28ED7FF0006F1A71 /* BPViewController.swift */,
				186C99A626AFEC3000AA1028 /* AWS */,
				186C99AE26AFF0AE00AA1028 /* DoctorRegister */,
				90350B4C2091AD6C00555011 /* AppDelegate.swift */,
				18A7535E26E7F834008C300A /* UIExtrension.swift */,
				9017B9E32091B3F400BF9A96 /* SecondViewController.swift */,
				90350B812091AE1B00555011 /* DatabaseHelper.swift */,
				90350B7D2091AE0A00555011 /* Student+CoreDataClass.swift */,
				90350B7E2091AE0A00555011 /* Student+CoreDataProperties.swift */,
				187F8C542636D13B000482D5 /* recordViewController.swift */,
				18A4195D274807D700246642 /* ParticlePeripheral.swift */,
				189E0B3A2713349B002FEC1F /* Audio.swift */,
				181705BD26F76F7800791BBE /* filter.swift */,
				187F8C5E26379ADD000482D5 /* LocationViewController.swift */,
				189644442756A82700AD4E64 /* HB.swift */,
				187F8C622637B229000482D5 /* MicrophoneMonitor.swift */,
				90350B502091AD6C00555011 /* Main.storyboard */,
				04F39D3D2A7D0E6F001AB82F /* PatientViewCell.swift */,
				18A7536026E8B590008C300A /* SecuredViewController.swift */,
				18F17F1F26CC02A4006EE360 /* waveViewController.swift */,
				18F17F1526CBF218006EE360 /* gif.swift */,
				18A68FA526753FB700699091 /* diagnosisViewController.swift */,
				1898314E2777658D008730B0 /* testViewController.swift */,
				185FD033266FB56300AEFBE9 /* homeViewController.swift */,
				188935B8266F4F82005E3866 /* IDFormViewController.swift */,
				183CE4CF263A2F6F00B35633 /* loginViewController.swift */,
				187F8C5626378FC9000482D5 /* PositionViewController.swift */,
				18768AC6262799A400F99874 /* CardsViewController.swift */,
				18CF5C52271AF6680026A7B6 /* viewController.swift */,
				18CF5C56271AF6D00026A7B6 /* SoundWave+Helpers.swift */,
				18CF5C5A271AF6D80026A7B6 /* ViewModel.swift */,
				18CF5C5E271AF6FB0026A7B6 /* AudioErrorType.swift */,
				18CF5C62271AF7030026A7B6 /* AudioPlayerManager.swift */,
				18CBDD0F2756310B006D6A96 /* EZAudio-Swift-Bridging-Header.h */,
				18CF5C66271AF70A0026A7B6 /* AudioRecorderManager.swift */,
				90350B562091AD6C00555011 /* Assets.xcassets */,
				18768AC2262788BB00F99874 /* LaunchScreen.storyboard */,
				183E0BE326F0907D002869AC /* awsconfiguration.json */,
				90350B5B2091AD6C00555011 /* Info.plist */,
				90350B532091AD6C00555011 /* core.xcdatamodeld */,
			);
			path = core;
			sourceTree = "<group>";
		};
		90350B632091AD6C00555011 /* coreTests */ = {
			isa = PBXGroup;
			children = (
				90350B642091AD6C00555011 /* coreTests.swift */,
				90350B662091AD6C00555011 /* Info.plist */,
			);
			path = coreTests;
			sourceTree = "<group>";
		};
		90350B6E2091AD6C00555011 /* coreUITests */ = {
			isa = PBXGroup;
			children = (
				18CF5C4F271AF07C0026A7B6 /* Example */,
				90350B6F2091AD6C00555011 /* coreUITests.swift */,
				90350B712091AD6C00555011 /* Info.plist */,
				187DCCE826EB5CA700685A60 /* CryptoSwift-master */,
			);
			path = coreUITests;
			sourceTree = "<group>";
		};
		90350B832091B0B200555011 /* Frameworks */ = {
			isa = PBXGroup;
			children = (
				18CC5A16271AC42A0039E318 /* Pods */,
				188099E926F3E41900D4831C /* libz.tbd */,
				188099E726F3E3D600D4831C /* Foundation.framework */,
				188099E526F3E38500D4831C /* AWSiOSSDKv2.framework */,
				183E0BE126F0906D002869AC /* aws-mobile-appsync-events-starter-ios-main */,
				187DCCE526EB5B2800685A60 /* CryptoKit.framework */,
				187DCCE426EB5B2800685A60 /* CryptoTokenKit.framework */,
				18F17F2626CC0DD5006EE360 /* AudioToolbox.framework */,
				90350B842091B0B300555011 /* CoreData.framework */,
				55AFCD3D0D90516417BCD2B9 /* Pods_core.framework */,
				71E6972345AF52B61771767B /* Pods_core_coreUITests.framework */,
				3B8E23054DAAC94F8B3801C9 /* Pods_coreTests.framework */,
			);
			name = Frameworks;
			sourceTree = "<group>";
		};
/* End PBXGroup section */

/* Begin PBXNativeTarget section */
		90350B482091AD6C00555011 /* core */ = {
			isa = PBXNativeTarget;
			buildConfigurationList = 90350B742091AD6C00555011 /* Build configuration list for PBXNativeTarget "core" */;
			buildPhases = (
				4FA38157FB0632E57DEA3A85 /* [CP] Check Pods Manifest.lock */,
				90350B452091AD6C00555011 /* Sources */,
				90350B462091AD6C00555011 /* Frameworks */,
				90350B472091AD6C00555011 /* Resources */,
				77C95FDAE0A3673778C1DEA2 /* [CP] Embed Pods Frameworks */,
			);
			buildRules = (
			);
			dependencies = (
			);
			name = core;
			packageProductDependencies = (
				04C5AFDF2912EBA000343682 /* AWSSigner */,
				04C5AFE22912EBC100343682 /* Alamofire */,
			);
			productName = core;
			productReference = 90350B492091AD6C00555011 /* Usteth.app */;
			productType = "com.apple.product-type.application";
		};
		90350B5F2091AD6C00555011 /* coreTests */ = {
			isa = PBXNativeTarget;
			buildConfigurationList = 90350B772091AD6C00555011 /* Build configuration list for PBXNativeTarget "coreTests" */;
			buildPhases = (
				ED8EBACA4EEB041DAEE286D7 /* [CP] Check Pods Manifest.lock */,
				90350B5C2091AD6C00555011 /* Sources */,
				90350B5D2091AD6C00555011 /* Frameworks */,
				90350B5E2091AD6C00555011 /* Resources */,
			);
			buildRules = (
			);
			dependencies = (
				90350B622091AD6C00555011 /* PBXTargetDependency */,
			);
			name = coreTests;
			productName = coreTests;
			productReference = 90350B602091AD6C00555011 /* coreTests.xctest */;
			productType = "com.apple.product-type.bundle.unit-test";
		};
		90350B6A2091AD6C00555011 /* coreUITests */ = {
			isa = PBXNativeTarget;
			buildConfigurationList = 90350B7A2091AD6C00555011 /* Build configuration list for PBXNativeTarget "coreUITests" */;
			buildPhases = (
				DFA56C35570C08BFB6C0AE89 /* [CP] Check Pods Manifest.lock */,
				90350B672091AD6C00555011 /* Sources */,
				90350B682091AD6C00555011 /* Frameworks */,
				90350B692091AD6C00555011 /* Resources */,
				6135AF93A00FAF2BCD29E60F /* [CP] Embed Pods Frameworks */,
			);
			buildRules = (
			);
			dependencies = (
				90350B6D2091AD6C00555011 /* PBXTargetDependency */,
			);
			name = coreUITests;
			productName = coreUITests;
			productReference = 90350B6B2091AD6C00555011 /* coreUITests.xctest */;
			productType = "com.apple.product-type.bundle.ui-testing";
		};
/* End PBXNativeTarget section */

/* Begin PBXProject section */
		90350B412091AD6C00555011 /* Project object */ = {
			isa = PBXProject;
			attributes = {
				LastSwiftUpdateCheck = 0900;
				LastUpgradeCheck = 1140;
				ORGANIZATIONNAME = "Haider Tamsil";
				TargetAttributes = {
					90350B482091AD6C00555011 = {
						CreatedOnToolsVersion = 9.0.1;
						ProvisioningStyle = Automatic;
					};
					90350B5F2091AD6C00555011 = {
						CreatedOnToolsVersion = 9.0.1;
						ProvisioningStyle = Automatic;
						TestTargetID = 90350B482091AD6C00555011;
					};
					90350B6A2091AD6C00555011 = {
						CreatedOnToolsVersion = 9.0.1;
						ProvisioningStyle = Automatic;
						TestTargetID = 90350B482091AD6C00555011;
					};
				};
			};
			buildConfigurationList = 90350B442091AD6C00555011 /* Build configuration list for PBXProject "core" */;
			compatibilityVersion = "Xcode 8.0";
			developmentRegion = en;
			hasScannedForEncodings = 0;
			knownRegions = (
				en,
				Base,
			);
			mainGroup = 90350B402091AD6C00555011;
			packageReferences = (
				04C5AFDE2912EBA000343682 /* XCRemoteSwiftPackageReference "aws-signer-v4" */,
				04C5AFE12912EBC100343682 /* XCRemoteSwiftPackageReference "Alamofire" */,
			);
			productRefGroup = 90350B4A2091AD6C00555011 /* Products */;
			projectDirPath = "";
			projectRoot = "";
			targets = (
				90350B482091AD6C00555011 /* core */,
				90350B5F2091AD6C00555011 /* coreTests */,
				90350B6A2091AD6C00555011 /* coreUITests */,
			);
		};
/* End PBXProject section */

/* Begin PBXResourcesBuildPhase section */
		90350B472091AD6C00555011 /* Resources */ = {
			isa = PBXResourcesBuildPhase;
			buildActionMask = 2147483647;
			files = (
				18768AC3262788BB00F99874 /* LaunchScreen.storyboard in Resources */,
				18CF5C51271AF1C20026A7B6 /* Example in Resources */,
				185C6592271AE9550070CEEA /* SoundWave in Resources */,
				90350B572091AD6C00555011 /* Assets.xcassets in Resources */,
				90350B522091AD6C00555011 /* Main.storyboard in Resources */,
			);
			runOnlyForDeploymentPostprocessing = 0;
		};
		90350B5E2091AD6C00555011 /* Resources */ = {
			isa = PBXResourcesBuildPhase;
			buildActionMask = 2147483647;
			files = (
				18768AC4262788BB00F99874 /* LaunchScreen.storyboard in Resources */,
				18CF5C50271AF07C0026A7B6 /* Example in Resources */,
			);
			runOnlyForDeploymentPostprocessing = 0;
		};
		90350B692091AD6C00555011 /* Resources */ = {
			isa = PBXResourcesBuildPhase;
			buildActionMask = 2147483647;
			files = (
				18768AC5262788BB00F99874 /* LaunchScreen.storyboard in Resources */,
			);
			runOnlyForDeploymentPostprocessing = 0;
		};
/* End PBXResourcesBuildPhase section */

/* Begin PBXShellScriptBuildPhase section */
		4FA38157FB0632E57DEA3A85 /* [CP] Check Pods Manifest.lock */ = {
			isa = PBXShellScriptBuildPhase;
			buildActionMask = 2147483647;
			files = (
			);
			inputFileListPaths = (
			);
			inputPaths = (
				"${PODS_PODFILE_DIR_PATH}/Podfile.lock",
				"${PODS_ROOT}/Manifest.lock",
			);
			name = "[CP] Check Pods Manifest.lock";
			outputFileListPaths = (
			);
			outputPaths = (
				"$(DERIVED_FILE_DIR)/Pods-core-checkManifestLockResult.txt",
			);
			runOnlyForDeploymentPostprocessing = 0;
			shellPath = /bin/sh;
			shellScript = "diff \"${PODS_PODFILE_DIR_PATH}/Podfile.lock\" \"${PODS_ROOT}/Manifest.lock\" > /dev/null\nif [ $? != 0 ] ; then\n    # print error to STDERR\n    echo \"error: The sandbox is not in sync with the Podfile.lock. Run 'pod install' or update your CocoaPods installation.\" >&2\n    exit 1\nfi\n# This output is used by Xcode 'outputs' to avoid re-running this script phase.\necho \"SUCCESS\" > \"${SCRIPT_OUTPUT_FILE_0}\"\n";
			showEnvVarsInLog = 0;
		};
		6135AF93A00FAF2BCD29E60F /* [CP] Embed Pods Frameworks */ = {
			isa = PBXShellScriptBuildPhase;
			buildActionMask = 2147483647;
			files = (
			);
			inputPaths = (
				"${PODS_ROOT}/Target Support Files/Pods-core-coreUITests/Pods-core-coreUITests-frameworks.sh",
				"${BUILT_PRODUCTS_DIR}/AWSCore/AWSCore.framework",
				"${BUILT_PRODUCTS_DIR}/SoundWave/SoundWave.framework",
			);
			name = "[CP] Embed Pods Frameworks";
			outputPaths = (
				"${TARGET_BUILD_DIR}/${FRAMEWORKS_FOLDER_PATH}/AWSCore.framework",
				"${TARGET_BUILD_DIR}/${FRAMEWORKS_FOLDER_PATH}/SoundWave.framework",
			);
			runOnlyForDeploymentPostprocessing = 0;
			shellPath = /bin/sh;
			shellScript = "\"${PODS_ROOT}/Target Support Files/Pods-core-coreUITests/Pods-core-coreUITests-frameworks.sh\"\n";
			showEnvVarsInLog = 0;
		};
		77C95FDAE0A3673778C1DEA2 /* [CP] Embed Pods Frameworks */ = {
			isa = PBXShellScriptBuildPhase;
			buildActionMask = 2147483647;
			files = (
			);
			inputPaths = (
				"${PODS_ROOT}/Target Support Files/Pods-core/Pods-core-frameworks.sh",
				"${BUILT_PRODUCTS_DIR}/AWSCore/AWSCore.framework",
				"${BUILT_PRODUCTS_DIR}/SoundWave/SoundWave.framework",
			);
			name = "[CP] Embed Pods Frameworks";
			outputPaths = (
				"${TARGET_BUILD_DIR}/${FRAMEWORKS_FOLDER_PATH}/AWSCore.framework",
				"${TARGET_BUILD_DIR}/${FRAMEWORKS_FOLDER_PATH}/SoundWave.framework",
			);
			runOnlyForDeploymentPostprocessing = 0;
			shellPath = /bin/sh;
			shellScript = "\"${PODS_ROOT}/Target Support Files/Pods-core/Pods-core-frameworks.sh\"\n";
			showEnvVarsInLog = 0;
		};
		DFA56C35570C08BFB6C0AE89 /* [CP] Check Pods Manifest.lock */ = {
			isa = PBXShellScriptBuildPhase;
			buildActionMask = 2147483647;
			files = (
			);
			inputFileListPaths = (
			);
			inputPaths = (
				"${PODS_PODFILE_DIR_PATH}/Podfile.lock",
				"${PODS_ROOT}/Manifest.lock",
			);
			name = "[CP] Check Pods Manifest.lock";
			outputFileListPaths = (
			);
			outputPaths = (
				"$(DERIVED_FILE_DIR)/Pods-core-coreUITests-checkManifestLockResult.txt",
			);
			runOnlyForDeploymentPostprocessing = 0;
			shellPath = /bin/sh;
			shellScript = "diff \"${PODS_PODFILE_DIR_PATH}/Podfile.lock\" \"${PODS_ROOT}/Manifest.lock\" > /dev/null\nif [ $? != 0 ] ; then\n    # print error to STDERR\n    echo \"error: The sandbox is not in sync with the Podfile.lock. Run 'pod install' or update your CocoaPods installation.\" >&2\n    exit 1\nfi\n# This output is used by Xcode 'outputs' to avoid re-running this script phase.\necho \"SUCCESS\" > \"${SCRIPT_OUTPUT_FILE_0}\"\n";
			showEnvVarsInLog = 0;
		};
		ED8EBACA4EEB041DAEE286D7 /* [CP] Check Pods Manifest.lock */ = {
			isa = PBXShellScriptBuildPhase;
			buildActionMask = 2147483647;
			files = (
			);
			inputFileListPaths = (
			);
			inputPaths = (
				"${PODS_PODFILE_DIR_PATH}/Podfile.lock",
				"${PODS_ROOT}/Manifest.lock",
			);
			name = "[CP] Check Pods Manifest.lock";
			outputFileListPaths = (
			);
			outputPaths = (
				"$(DERIVED_FILE_DIR)/Pods-coreTests-checkManifestLockResult.txt",
			);
			runOnlyForDeploymentPostprocessing = 0;
			shellPath = /bin/sh;
			shellScript = "diff \"${PODS_PODFILE_DIR_PATH}/Podfile.lock\" \"${PODS_ROOT}/Manifest.lock\" > /dev/null\nif [ $? != 0 ] ; then\n    # print error to STDERR\n    echo \"error: The sandbox is not in sync with the Podfile.lock. Run 'pod install' or update your CocoaPods installation.\" >&2\n    exit 1\nfi\n# This output is used by Xcode 'outputs' to avoid re-running this script phase.\necho \"SUCCESS\" > \"${SCRIPT_OUTPUT_FILE_0}\"\n";
			showEnvVarsInLog = 0;
		};
/* End PBXShellScriptBuildPhase section */

/* Begin PBXSourcesBuildPhase section */
		90350B452091AD6C00555011 /* Sources */ = {
			isa = PBXSourcesBuildPhase;
			buildActionMask = 2147483647;
			files = (
				18CF5C67271AF70A0026A7B6 /* AudioRecorderManager.swift in Sources */,
				1897E3EA26B1644B0023ABEE /* LoginViewController.swift in Sources */,
				18F17F2026CC02A4006EE360 /* waveViewController.swift in Sources */,
				186C99A526AEBAB300AA1028 /* AWS.swift in Sources */,
				18A7536126E8B590008C300A /* SecuredViewController.swift in Sources */,
				183CE4D0263A2F7000B35633 /* loginViewController.swift in Sources */,
				1898314F2777658D008730B0 /* testViewController.swift in Sources */,
				04F39D3E2A7D0E6F001AB82F /* PatientViewCell.swift in Sources */,
				18A7536526E8C10C008C300A /* AWSecure.swift in Sources */,
				18768AC7262799A400F99874 /* CardsViewController.swift in Sources */,
				90350B4F2091AD6C00555011 /* ViewController.swift in Sources */,
				1897E3E826B1616D0023ABEE /* login.swift in Sources */,
				18407EEA26C53771009298D5 /* passViewController.swift in Sources */,
				046B8DDC28ED7FF0006F1A71 /* BPViewController.swift in Sources */,
				187F8C632637B229000482D5 /* MicrophoneMonitor.swift in Sources */,
				18CF5C57271AF6D10026A7B6 /* SoundWave+Helpers.swift in Sources */,
				189644452756A82700AD4E64 /* HB.swift in Sources */,
				18CF5C63271AF7030026A7B6 /* AudioPlayerManager.swift in Sources */,
				18A7535F26E7F834008C300A /* UIExtrension.swift in Sources */,
				182E118026E7AFE900AD0DD6 /* File.swift in Sources */,
				90350B7F2091AE0A00555011 /* Student+CoreDataClass.swift in Sources */,
				90350B552091AD6C00555011 /* core.xcdatamodeld in Sources */,
				90350B4D2091AD6C00555011 /* AppDelegate.swift in Sources */,
				187F8C5F26379ADD000482D5 /* LocationViewController.swift in Sources */,
				18AB761726A0CD4600A014A6 /* LungsViewController.swift in Sources */,
				187F8C552636D13B000482D5 /* recordViewController.swift in Sources */,
				18CF5C5B271AF6D80026A7B6 /* ViewModel.swift in Sources */,
				18A68FA626753FB700699091 /* diagnosisViewController.swift in Sources */,
				9017B9E42091B3F400BF9A96 /* SecondViewController.swift in Sources */,
				185FD034266FB56300AEFBE9 /* homeViewController.swift in Sources */,
				181705BE26F76F7800791BBE /* filter.swift in Sources */,
				18A4195E274807D700246642 /* ParticlePeripheral.swift in Sources */,
				187F8C5726378FC9000482D5 /* PositionViewController.swift in Sources */,
				18CF5C53271AF6680026A7B6 /* viewController.swift in Sources */,
				18F17F1626CBF218006EE360 /* gif.swift in Sources */,
				18CF5C5F271AF6FC0026A7B6 /* AudioErrorType.swift in Sources */,
				189E0B3B2713349B002FEC1F /* Audio.swift in Sources */,
				90350B822091AE1B00555011 /* DatabaseHelper.swift in Sources */,
				186C99A826AFEC4A00AA1028 /* RegisterModel.swift in Sources */,
				188935B9266F4F82005E3866 /* IDFormViewController.swift in Sources */,
				186C99AA26AFECF400AA1028 /* APIManager.swift in Sources */,
				186C99B026AFF0F400AA1028 /* RegisterViewController.swift in Sources */,
				90350B802091AE0A00555011 /* Student+CoreDataProperties.swift in Sources */,
			);
			runOnlyForDeploymentPostprocessing = 0;
		};
		90350B5C2091AD6C00555011 /* Sources */ = {
			isa = PBXSourcesBuildPhase;
			buildActionMask = 2147483647;
			files = (
				187F8C58263792A4000482D5 /* AppDelegate.swift in Sources */,
				185F34672630DB59007A8378 /* SecondViewController.swift in Sources */,
				187F8C5A263792AE000482D5 /* PositionViewController.swift in Sources */,
				185FD035266FB56300AEFBE9 /* homeViewController.swift in Sources */,
				18CF5C68271AF70A0026A7B6 /* AudioRecorderManager.swift in Sources */,
				18CF5C58271AF6D10026A7B6 /* SoundWave+Helpers.swift in Sources */,
				18A68FA726753FB700699091 /* diagnosisViewController.swift in Sources */,
				18CF5C5C271AF6D80026A7B6 /* ViewModel.swift in Sources */,
				183CE4D1263A2F7000B35633 /* loginViewController.swift in Sources */,
				18CF5C54271AF6680026A7B6 /* viewController.swift in Sources */,
				187F8C6426381B54000482D5 /* core.xcdatamodeld in Sources */,
				90350B652091AD6C00555011 /* coreTests.swift in Sources */,
				188935BA266F4F82005E3866 /* IDFormViewController.swift in Sources */,
				18CF5C60271AF6FC0026A7B6 /* AudioErrorType.swift in Sources */,
				189831502777658D008730B0 /* testViewController.swift in Sources */,
				18CF5C64271AF7030026A7B6 /* AudioPlayerManager.swift in Sources */,
				187F8C5C263792B4000482D5 /* recordViewController.swift in Sources */,
			);
			runOnlyForDeploymentPostprocessing = 0;
		};
		90350B672091AD6C00555011 /* Sources */ = {
			isa = PBXSourcesBuildPhase;
			buildActionMask = 2147483647;
			files = (
				187F8C59263792A5000482D5 /* AppDelegate.swift in Sources */,
				185F34682630DB59007A8378 /* SecondViewController.swift in Sources */,
				187F8C5B263792AE000482D5 /* PositionViewController.swift in Sources */,
				185FD036266FB56300AEFBE9 /* homeViewController.swift in Sources */,
				18CF5C69271AF70A0026A7B6 /* AudioRecorderManager.swift in Sources */,
				18CF5C59271AF6D10026A7B6 /* SoundWave+Helpers.swift in Sources */,
				18A68FA826753FB700699091 /* diagnosisViewController.swift in Sources */,
				18CF5C5D271AF6D80026A7B6 /* ViewModel.swift in Sources */,
				183CE4D2263A2F7000B35633 /* loginViewController.swift in Sources */,
				18CF5C55271AF6680026A7B6 /* viewController.swift in Sources */,
				187F8C6526381B57000482D5 /* core.xcdatamodeld in Sources */,
				90350B702091AD6C00555011 /* coreUITests.swift in Sources */,
				188935BB266F4F82005E3866 /* IDFormViewController.swift in Sources */,
				18CF5C61271AF6FC0026A7B6 /* AudioErrorType.swift in Sources */,
				189831512777658D008730B0 /* testViewController.swift in Sources */,
				18CF5C65271AF7030026A7B6 /* AudioPlayerManager.swift in Sources */,
				187F8C5D263792B5000482D5 /* recordViewController.swift in Sources */,
			);
			runOnlyForDeploymentPostprocessing = 0;
		};
/* End PBXSourcesBuildPhase section */

/* Begin PBXTargetDependency section */
		90350B622091AD6C00555011 /* PBXTargetDependency */ = {
			isa = PBXTargetDependency;
			target = 90350B482091AD6C00555011 /* core */;
			targetProxy = 90350B612091AD6C00555011 /* PBXContainerItemProxy */;
		};
		90350B6D2091AD6C00555011 /* PBXTargetDependency */ = {
			isa = PBXTargetDependency;
			target = 90350B482091AD6C00555011 /* core */;
			targetProxy = 90350B6C2091AD6C00555011 /* PBXContainerItemProxy */;
		};
/* End PBXTargetDependency section */

/* Begin PBXVariantGroup section */
		90350B502091AD6C00555011 /* Main.storyboard */ = {
			isa = PBXVariantGroup;
			children = (
				90350B512091AD6C00555011 /* Base */,
			);
			name = Main.storyboard;
			sourceTree = "<group>";
		};
/* End PBXVariantGroup section */

/* Begin XCBuildConfiguration section */
		90350B722091AD6C00555011 /* Debug */ = {
			isa = XCBuildConfiguration;
			buildSettings = {
				ALWAYS_SEARCH_USER_PATHS = NO;
				CLANG_ANALYZER_NONNULL = YES;
				CLANG_ANALYZER_NUMBER_OBJECT_CONVERSION = YES_AGGRESSIVE;
				CLANG_CXX_LANGUAGE_STANDARD = "gnu++14";
				CLANG_CXX_LIBRARY = "libc++";
				CLANG_ENABLE_MODULES = YES;
				CLANG_ENABLE_OBJC_ARC = YES;
				CLANG_WARN_BLOCK_CAPTURE_AUTORELEASING = YES;
				CLANG_WARN_BOOL_CONVERSION = YES;
				CLANG_WARN_COMMA = YES;
				CLANG_WARN_CONSTANT_CONVERSION = YES;
				CLANG_WARN_DEPRECATED_OBJC_IMPLEMENTATIONS = YES;
				CLANG_WARN_DIRECT_OBJC_ISA_USAGE = YES_ERROR;
				CLANG_WARN_DOCUMENTATION_COMMENTS = YES;
				CLANG_WARN_EMPTY_BODY = YES;
				CLANG_WARN_ENUM_CONVERSION = YES;
				CLANG_WARN_INFINITE_RECURSION = YES;
				CLANG_WARN_INT_CONVERSION = YES;
				CLANG_WARN_NON_LITERAL_NULL_CONVERSION = YES;
				CLANG_WARN_OBJC_IMPLICIT_RETAIN_SELF = YES;
				CLANG_WARN_OBJC_LITERAL_CONVERSION = YES;
				CLANG_WARN_OBJC_ROOT_CLASS = YES_ERROR;
				CLANG_WARN_RANGE_LOOP_ANALYSIS = YES;
				CLANG_WARN_STRICT_PROTOTYPES = YES;
				CLANG_WARN_SUSPICIOUS_MOVE = YES;
				CLANG_WARN_UNGUARDED_AVAILABILITY = YES_AGGRESSIVE;
				CLANG_WARN_UNREACHABLE_CODE = YES;
				CLANG_WARN__DUPLICATE_METHOD_MATCH = YES;
				CODE_SIGN_IDENTITY = "iPhone Developer";
				COPY_PHASE_STRIP = NO;
				DEBUG_INFORMATION_FORMAT = dwarf;
				ENABLE_STRICT_OBJC_MSGSEND = YES;
				ENABLE_TESTABILITY = YES;
				FRAMEWORK_SEARCH_PATHS = "";
				GCC_C_LANGUAGE_STANDARD = gnu11;
				GCC_DYNAMIC_NO_PIC = NO;
				GCC_NO_COMMON_BLOCKS = YES;
				GCC_OPTIMIZATION_LEVEL = 0;
				GCC_PREPROCESSOR_DEFINITIONS = (
					"DEBUG=1",
					"$(inherited)",
				);
				GCC_WARN_64_TO_32_BIT_CONVERSION = YES;
				GCC_WARN_ABOUT_RETURN_TYPE = YES_ERROR;
				GCC_WARN_UNDECLARED_SELECTOR = YES;
				GCC_WARN_UNINITIALIZED_AUTOS = YES_AGGRESSIVE;
				GCC_WARN_UNUSED_FUNCTION = YES;
				GCC_WARN_UNUSED_VARIABLE = YES;
				IPHONEOS_DEPLOYMENT_TARGET = 11.0;
				MTL_ENABLE_DEBUG_INFO = YES;
				ONLY_ACTIVE_ARCH = YES;
				SDKROOT = iphoneos;
				SWIFT_ACTIVE_COMPILATION_CONDITIONS = DEBUG;
				SWIFT_OPTIMIZATION_LEVEL = "-Onone";
			};
			name = Debug;
		};
		90350B732091AD6C00555011 /* Release */ = {
			isa = XCBuildConfiguration;
			buildSettings = {
				ALWAYS_SEARCH_USER_PATHS = NO;
				CLANG_ANALYZER_NONNULL = YES;
				CLANG_ANALYZER_NUMBER_OBJECT_CONVERSION = YES_AGGRESSIVE;
				CLANG_CXX_LANGUAGE_STANDARD = "gnu++14";
				CLANG_CXX_LIBRARY = "libc++";
				CLANG_ENABLE_MODULES = YES;
				CLANG_ENABLE_OBJC_ARC = YES;
				CLANG_WARN_BLOCK_CAPTURE_AUTORELEASING = YES;
				CLANG_WARN_BOOL_CONVERSION = YES;
				CLANG_WARN_COMMA = YES;
				CLANG_WARN_CONSTANT_CONVERSION = YES;
				CLANG_WARN_DEPRECATED_OBJC_IMPLEMENTATIONS = YES;
				CLANG_WARN_DIRECT_OBJC_ISA_USAGE = YES_ERROR;
				CLANG_WARN_DOCUMENTATION_COMMENTS = YES;
				CLANG_WARN_EMPTY_BODY = YES;
				CLANG_WARN_ENUM_CONVERSION = YES;
				CLANG_WARN_INFINITE_RECURSION = YES;
				CLANG_WARN_INT_CONVERSION = YES;
				CLANG_WARN_NON_LITERAL_NULL_CONVERSION = YES;
				CLANG_WARN_OBJC_IMPLICIT_RETAIN_SELF = YES;
				CLANG_WARN_OBJC_LITERAL_CONVERSION = YES;
				CLANG_WARN_OBJC_ROOT_CLASS = YES_ERROR;
				CLANG_WARN_RANGE_LOOP_ANALYSIS = YES;
				CLANG_WARN_STRICT_PROTOTYPES = YES;
				CLANG_WARN_SUSPICIOUS_MOVE = YES;
				CLANG_WARN_UNGUARDED_AVAILABILITY = YES_AGGRESSIVE;
				CLANG_WARN_UNREACHABLE_CODE = YES;
				CLANG_WARN__DUPLICATE_METHOD_MATCH = YES;
				CODE_SIGN_IDENTITY = "iPhone Developer";
				COPY_PHASE_STRIP = NO;
				DEBUG_INFORMATION_FORMAT = "dwarf-with-dsym";
				ENABLE_NS_ASSERTIONS = NO;
				ENABLE_STRICT_OBJC_MSGSEND = YES;
				FRAMEWORK_SEARCH_PATHS = "";
				GCC_C_LANGUAGE_STANDARD = gnu11;
				GCC_NO_COMMON_BLOCKS = YES;
				GCC_WARN_64_TO_32_BIT_CONVERSION = YES;
				GCC_WARN_ABOUT_RETURN_TYPE = YES_ERROR;
				GCC_WARN_UNDECLARED_SELECTOR = YES;
				GCC_WARN_UNINITIALIZED_AUTOS = YES_AGGRESSIVE;
				GCC_WARN_UNUSED_FUNCTION = YES;
				GCC_WARN_UNUSED_VARIABLE = YES;
				IPHONEOS_DEPLOYMENT_TARGET = 11.0;
				MTL_ENABLE_DEBUG_INFO = NO;
				SDKROOT = iphoneos;
				SWIFT_COMPILATION_MODE = wholemodule;
				SWIFT_OPTIMIZATION_LEVEL = "-O";
				VALIDATE_PRODUCT = YES;
			};
			name = Release;
		};
		90350B752091AD6C00555011 /* Debug */ = {
			isa = XCBuildConfiguration;
			baseConfigurationReference = 9D3C3C5778D8FFECDA39CC8E /* Pods-core.debug.xcconfig */;
			buildSettings = {
				ASSETCATALOG_COMPILER_APPICON_NAME = AppIcon;
				CODE_SIGN_ENTITLEMENTS = core;
				CODE_SIGN_IDENTITY = "Apple Development";
				CODE_SIGN_STYLE = Automatic;
				CURRENT_PROJECT_VERSION = eas;
				DEVELOPMENT_TEAM = 5S26955735;
				FRAMEWORK_SEARCH_PATHS = (
					"$(inherited)",
					"$(PROJECT_DIR)",
				);
				"HEADER_SEARCH_PATHS[arch=*]" = (
					"$(inherited)",
					"\"${PODS_CONFIGURATION_BUILD_DIR}/Alamofire/Alamofire.framework/Headers\"",
					"\"${PODS_CONFIGURATION_BUILD_DIR}/SoundWave/SoundWave.framework/Headers\"",
				);
				INFOPLIST_FILE = core/Info.plist;
				INFOPLIST_KEY_CFBundleDisplayName = NoaScope;
				INFOPLIST_KEY_LSApplicationCategoryType = "public.app-category.medical";
				IPHONEOS_DEPLOYMENT_TARGET = 14.3;
				LD_RUNPATH_SEARCH_PATHS = (
					"$(inherited)",
					"@executable_path/Frameworks",
				);
				MARKETING_VERSION = "";
				PRODUCT_BUNDLE_IDENTIFIER = com.innova.usteth;
				PRODUCT_NAME = Usteth;
				PROVISIONING_PROFILE_SPECIFIER = "";
				SWIFT_INCLUDE_PATHS = "";
				SWIFT_VERSION = 4.0;
				TARGETED_DEVICE_FAMILY = "1,2";
			};
			name = Debug;
		};
		90350B762091AD6C00555011 /* Release */ = {
			isa = XCBuildConfiguration;
			baseConfigurationReference = 0F050243ACCFE3114F82F710 /* Pods-core.release.xcconfig */;
			buildSettings = {
				ASSETCATALOG_COMPILER_APPICON_NAME = AppIcon;
				CODE_SIGN_ENTITLEMENTS = core;
				CODE_SIGN_IDENTITY = "Apple Development";
				CODE_SIGN_STYLE = Automatic;
				CURRENT_PROJECT_VERSION = eas;
				DEVELOPMENT_TEAM = 5S26955735;
				FRAMEWORK_SEARCH_PATHS = (
					"$(inherited)",
					"$(PROJECT_DIR)",
				);
				INFOPLIST_FILE = core/Info.plist;
				INFOPLIST_KEY_CFBundleDisplayName = NoaScope;
				INFOPLIST_KEY_LSApplicationCategoryType = "public.app-category.medical";
				IPHONEOS_DEPLOYMENT_TARGET = 14.3;
				LD_RUNPATH_SEARCH_PATHS = (
					"$(inherited)",
					"@executable_path/Frameworks",
				);
				MARKETING_VERSION = "";
				PRODUCT_BUNDLE_IDENTIFIER = com.innova.usteth;
				PRODUCT_NAME = Usteth;
				PROVISIONING_PROFILE_SPECIFIER = "";
				SWIFT_INCLUDE_PATHS = "";
				SWIFT_VERSION = 4.0;
				TARGETED_DEVICE_FAMILY = "1,2";
			};
			name = Release;
		};
		90350B782091AD6C00555011 /* Debug */ = {
			isa = XCBuildConfiguration;
			baseConfigurationReference = B1C4848F91F5228442F0213A /* Pods-coreTests.debug.xcconfig */;
			buildSettings = {
				ALWAYS_EMBED_SWIFT_STANDARD_LIBRARIES = "$(inherited)";
				BUNDLE_LOADER = "$(TEST_HOST)";
				"CODE_SIGN_IDENTITY[sdk=macosx*]" = "Apple Development";
				CODE_SIGN_STYLE = Automatic;
				DEVELOPMENT_TEAM = 489Q8X7RN4;
				INFOPLIST_FILE = coreTests/Info.plist;
				LD_RUNPATH_SEARCH_PATHS = (
					"$(inherited)",
					"@executable_path/Frameworks",
					"@loader_path/Frameworks",
				);
				PRODUCT_BUNDLE_IDENTIFIER = "com.yogesh-patel.coreTests";
				PRODUCT_NAME = "$(TARGET_NAME)";
				SWIFT_VERSION = 4.0;
				TARGETED_DEVICE_FAMILY = "1,2";
				TEST_HOST = "$(BUILT_PRODUCTS_DIR)/Usteth.app/Usteth";
			};
			name = Debug;
		};
		90350B792091AD6C00555011 /* Release */ = {
			isa = XCBuildConfiguration;
			baseConfigurationReference = 693A9ABAD350E99C82B24FD0 /* Pods-coreTests.release.xcconfig */;
			buildSettings = {
				ALWAYS_EMBED_SWIFT_STANDARD_LIBRARIES = "$(inherited)";
				BUNDLE_LOADER = "$(TEST_HOST)";
				CODE_SIGN_STYLE = Automatic;
				DEVELOPMENT_TEAM = 489Q8X7RN4;
				INFOPLIST_FILE = coreTests/Info.plist;
				LD_RUNPATH_SEARCH_PATHS = (
					"$(inherited)",
					"@executable_path/Frameworks",
					"@loader_path/Frameworks",
				);
				PRODUCT_BUNDLE_IDENTIFIER = "com.yogesh-patel.coreTests";
				PRODUCT_NAME = "$(TARGET_NAME)";
				SWIFT_VERSION = 4.0;
				TARGETED_DEVICE_FAMILY = "1,2";
				TEST_HOST = "$(BUILT_PRODUCTS_DIR)/Usteth.app/Usteth";
			};
			name = Release;
		};
		90350B7B2091AD6C00555011 /* Debug */ = {
			isa = XCBuildConfiguration;
			baseConfigurationReference = C247CA27135D3D1C6EC3DE03 /* Pods-core-coreUITests.debug.xcconfig */;
			buildSettings = {
				ALWAYS_EMBED_SWIFT_STANDARD_LIBRARIES = "$(inherited)";
				CODE_SIGN_STYLE = Automatic;
				DEVELOPMENT_TEAM = 489Q8X7RN4;
				INFOPLIST_FILE = coreUITests/Info.plist;
				LD_RUNPATH_SEARCH_PATHS = (
					"$(inherited)",
					"@executable_path/Frameworks",
					"@loader_path/Frameworks",
				);
				PRODUCT_BUNDLE_IDENTIFIER = "com.yogesh-patel.coreUITests";
				PRODUCT_NAME = "$(TARGET_NAME)";
				SWIFT_VERSION = 4.0;
				TARGETED_DEVICE_FAMILY = "1,2";
				TEST_TARGET_NAME = core;
			};
			name = Debug;
		};
		90350B7C2091AD6C00555011 /* Release */ = {
			isa = XCBuildConfiguration;
			baseConfigurationReference = AE02905E0D13562EA2431A35 /* Pods-core-coreUITests.release.xcconfig */;
			buildSettings = {
				ALWAYS_EMBED_SWIFT_STANDARD_LIBRARIES = "$(inherited)";
				CODE_SIGN_STYLE = Automatic;
				DEVELOPMENT_TEAM = 489Q8X7RN4;
				INFOPLIST_FILE = coreUITests/Info.plist;
				LD_RUNPATH_SEARCH_PATHS = (
					"$(inherited)",
					"@executable_path/Frameworks",
					"@loader_path/Frameworks",
				);
				PRODUCT_BUNDLE_IDENTIFIER = "com.yogesh-patel.coreUITests";
				PRODUCT_NAME = "$(TARGET_NAME)";
				SWIFT_VERSION = 4.0;
				TARGETED_DEVICE_FAMILY = "1,2";
				TEST_TARGET_NAME = core;
			};
			name = Release;
		};
/* End XCBuildConfiguration section */

/* Begin XCConfigurationList section */
		90350B442091AD6C00555011 /* Build configuration list for PBXProject "core" */ = {
			isa = XCConfigurationList;
			buildConfigurations = (
				90350B722091AD6C00555011 /* Debug */,
				90350B732091AD6C00555011 /* Release */,
			);
			defaultConfigurationIsVisible = 0;
			defaultConfigurationName = Release;
		};
		90350B742091AD6C00555011 /* Build configuration list for PBXNativeTarget "core" */ = {
			isa = XCConfigurationList;
			buildConfigurations = (
				90350B752091AD6C00555011 /* Debug */,
				90350B762091AD6C00555011 /* Release */,
			);
			defaultConfigurationIsVisible = 0;
			defaultConfigurationName = Release;
		};
		90350B772091AD6C00555011 /* Build configuration list for PBXNativeTarget "coreTests" */ = {
			isa = XCConfigurationList;
			buildConfigurations = (
				90350B782091AD6C00555011 /* Debug */,
				90350B792091AD6C00555011 /* Release */,
			);
			defaultConfigurationIsVisible = 0;
			defaultConfigurationName = Release;
		};
		90350B7A2091AD6C00555011 /* Build configuration list for PBXNativeTarget "coreUITests" */ = {
			isa = XCConfigurationList;
			buildConfigurations = (
				90350B7B2091AD6C00555011 /* Debug */,
				90350B7C2091AD6C00555011 /* Release */,
			);
			defaultConfigurationIsVisible = 0;
			defaultConfigurationName = Release;
		};
/* End XCConfigurationList section */

/* Begin XCRemoteSwiftPackageReference section */
		04C5AFDE2912EBA000343682 /* XCRemoteSwiftPackageReference "aws-signer-v4" */ = {
			isa = XCRemoteSwiftPackageReference;
			repositoryURL = "https://github.com/adam-fowler/aws-signer-v4.git";
			requirement = {
				branch = master;
				kind = branch;
			};
		};
		04C5AFE12912EBC100343682 /* XCRemoteSwiftPackageReference "Alamofire" */ = {
			isa = XCRemoteSwiftPackageReference;
			repositoryURL = "https://github.com/Alamofire/Alamofire.git";
			requirement = {
				branch = master;
				kind = branch;
			};
		};
/* End XCRemoteSwiftPackageReference section */

/* Begin XCSwiftPackageProductDependency section */
		04C5AFDF2912EBA000343682 /* AWSSigner */ = {
			isa = XCSwiftPackageProductDependency;
			package = 04C5AFDE2912EBA000343682 /* XCRemoteSwiftPackageReference "aws-signer-v4" */;
			productName = AWSSigner;
		};
		04C5AFE22912EBC100343682 /* Alamofire */ = {
			isa = XCSwiftPackageProductDependency;
			package = 04C5AFE12912EBC100343682 /* XCRemoteSwiftPackageReference "Alamofire" */;
			productName = Alamofire;
		};
/* End XCSwiftPackageProductDependency section */

/* Begin XCVersionGroup section */
		90350B532091AD6C00555011 /* core.xcdatamodeld */ = {
			isa = XCVersionGroup;
			children = (
				90350B542091AD6C00555011 /* core.xcdatamodel */,
			);
			currentVersion = 90350B542091AD6C00555011 /* core.xcdatamodel */;
			path = core.xcdatamodeld;
			sourceTree = "<group>";
			versionGroupType = wrapper.xcdatamodel;
		};
/* End XCVersionGroup section */
	};
	rootObject = 90350B412091AD6C00555011 /* Project object */;
}
